
Microsoft Visual Studio Solution File, Format Version 12.00
# Visual Studio 15
VisualStudioVersion = 15.0.28307.136
MinimumVisualStudioVersion = 10.0.40219.1
Project("{9A19103F-16F7-4668-BE54-9A1E7A4F7556}") = "ICoreTest", "ICoreTest\ICoreTest.csproj", "{798987B1-5882-4395-A0CE-DA0876441A7A}"
EndProject
Project("{9A19103F-16F7-4668-BE54-9A1E7A4F7556}") = "ICoreWeb", "ICoreWeb\ICoreWeb.csproj", "{82F0559A-57AD-4084-942B-50C4CCB347C6}"
EndProject
Project("{9A19103F-16F7-4668-BE54-9A1E7A4F7556}") = "ICoreRabbitMQSend", "ICoreConsole\ICoreRabbitMQSend.csproj", "{77C511DD-4FAB-4834-AC30-37FD65078916}"
EndProject
Project("{9A19103F-16F7-4668-BE54-9A1E7A4F7556}") = "ICoreRabbitMQReceive", "ICoreConsole2\ICoreRabbitMQReceive.csproj", "{81383F18-FCC1-4166-B801-6E923F6327D0}"
EndProject
Project("{9A19103F-16F7-4668-BE54-9A1E7A4F7556}") = "ICoreRabbitMQReceive2", "ICoreRabbitMQReceive2\ICoreRabbitMQReceive2.csproj", "{00AA4BE4-780B-4819-BB7F-CF201B798781}"
EndProject
Project("{2150E333-8FDC-42A3-9474-1A3956D46DE8}") = "RabbitMQ", "RabbitMQ", "{60E92432-5768-4588-BB60-3C2CC24FC25B}"
EndProject
Project("{2150E333-8FDC-42A3-9474-1A3956D46DE8}") = "Redis", "Redis", "{23679EB8-38A9-4AB1-AEB4-755C25C3C7C5}"
EndProject
Project("{9A19103F-16F7-4668-BE54-9A1E7A4F7556}") = "ICoreRedis", "ICoreRedis\ICoreRedis.csproj", "{0D8EA7F8-9A82-4814-8F91-E87FD8E701FA}"
EndProject
Project("{2150E333-8FDC-42A3-9474-1A3956D46DE8}") = "WPF", "WPF", "{AE2A2055-1096-4092-8461-EB2F1C8BEB2F}"
EndProject
Project("{FAE04EC0-301F-11D3-BF4B-00C04F79EFBC}") = "IWpfApp1", "IWpfApp1\IWpfApp1.csproj", "{357166F8-A623-4CE4-A438-41FDA7DD375B}"
EndProject
Project("{2150E333-8FDC-42A3-9474-1A3956D46DE8}") = "Task", "Task", "{E0ACE3B5-B108-4E06-AAA7-4F25DD81A5CB}"
EndProject
Project("{2150E333-8FDC-42A3-9474-1A3956D46DE8}") = "Nunit", "Nunit", "{6B2B6CB2-6E54-4048-A3B2-47DAB0387D3B}"
EndProject
Project("{2150E333-8FDC-42A3-9474-1A3956D46DE8}") = "Delegate", "Delegate", "{9EA5B7CA-CD44-4D8D-A0DA-9DF2C4ABEF30}"
EndProject
Project("{FAE04EC0-301F-11D3-BF4B-00C04F79EFBC}") = "ConsoleDelegate", "ConsoleDelegate\ConsoleDelegate.csproj", "{0B8E568D-ABB7-4517-AE7C-0E008E30C6A6}"
EndProject
Project("{2150E333-8FDC-42A3-9474-1A3956D46DE8}") = "LINQ", "LINQ", "{10B0EA8B-B393-4280-9ADC-72083FC0475C}"
EndProject
Project("{FAE04EC0-301F-11D3-BF4B-00C04F79EFBC}") = "ConsoleLinq", "ConsoleLinq\ConsoleLinq.csproj", "{C75BACF6-CDA6-48EC-B8C4-AB071A3DEAFF}"
EndProject
Project("{FAE04EC0-301F-11D3-BF4B-00C04F79EFBC}") = "ConsoleTask", "ConsoleTask\ConsoleTask.csproj", "{93A1E9FE-5874-4E1A-9577-B7A6F5E31B6D}"
EndProject
Project("{2150E333-8FDC-42A3-9474-1A3956D46DE8}") = "Communication", "Communication", "{330B9ED8-5046-4636-9C28-0EF9A62AB0DC}"
EndProject
Project("{FAE04EC0-301F-11D3-BF4B-00C04F79EFBC}") = "ConsoleCommunicationServer", "ConsoleCommunicationServer\ConsoleCommunicationServer.csproj", "{C8397661-B63D-4635-B63A-F5A461BCBC0F}"
EndProject
Project("{FAE04EC0-301F-11D3-BF4B-00C04F79EFBC}") = "ConsoleCommunicationClient", "ConsoleCommunicationClient\ConsoleCommunicationClient.csproj", "{91517F8E-9684-49E7-9695-DA1130DB05C8}"
EndProject
Global
	GlobalSection(SolutionConfigurationPlatforms) = preSolution
		Ad-Hoc|Any CPU = Ad-Hoc|Any CPU
		Ad-Hoc|iPhone = Ad-Hoc|iPhone
		Ad-Hoc|iPhoneSimulator = Ad-Hoc|iPhoneSimulator
		AppStore|Any CPU = AppStore|Any CPU
		AppStore|iPhone = AppStore|iPhone
		AppStore|iPhoneSimulator = AppStore|iPhoneSimulator
		Debug|Any CPU = Debug|Any CPU
		Debug|iPhone = Debug|iPhone
		Debug|iPhoneSimulator = Debug|iPhoneSimulator
		Release|Any CPU = Release|Any CPU
		Release|iPhone = Release|iPhone
		Release|iPhoneSimulator = Release|iPhoneSimulator
	EndGlobalSection
	GlobalSection(ProjectConfigurationPlatforms) = postSolution
		{798987B1-5882-4395-A0CE-DA0876441A7A}.Ad-Hoc|Any CPU.ActiveCfg = Debug|Any CPU
		{798987B1-5882-4395-A0CE-DA0876441A7A}.Ad-Hoc|Any CPU.Build.0 = Debug|Any CPU
		{798987B1-5882-4395-A0CE-DA0876441A7A}.Ad-Hoc|iPhone.ActiveCfg = Debug|Any CPU
		{798987B1-5882-4395-A0CE-DA0876441A7A}.Ad-Hoc|iPhone.Build.0 = Debug|Any CPU
		{798987B1-5882-4395-A0CE-DA0876441A7A}.Ad-Hoc|iPhoneSimulator.ActiveCfg = Debug|Any CPU
		{798987B1-5882-4395-A0CE-DA0876441A7A}.Ad-Hoc|iPhoneSimulator.Build.0 = Debug|Any CPU
		{798987B1-5882-4395-A0CE-DA0876441A7A}.AppStore|Any CPU.ActiveCfg = Debug|Any CPU
		{798987B1-5882-4395-A0CE-DA0876441A7A}.AppStore|Any CPU.Build.0 = Debug|Any CPU
		{798987B1-5882-4395-A0CE-DA0876441A7A}.AppStore|iPhone.ActiveCfg = Debug|Any CPU
		{798987B1-5882-4395-A0CE-DA0876441A7A}.AppStore|iPhone.Build.0 = Debug|Any CPU
		{798987B1-5882-4395-A0CE-DA0876441A7A}.AppStore|iPhoneSimulator.ActiveCfg = Debug|Any CPU
		{798987B1-5882-4395-A0CE-DA0876441A7A}.AppStore|iPhoneSimulator.Build.0 = Debug|Any CPU
		{798987B1-5882-4395-A0CE-DA0876441A7A}.Debug|Any CPU.ActiveCfg = Debug|Any CPU
		{798987B1-5882-4395-A0CE-DA0876441A7A}.Debug|Any CPU.Build.0 = Debug|Any CPU
		{798987B1-5882-4395-A0CE-DA0876441A7A}.Debug|iPhone.ActiveCfg = Debug|Any CPU
		{798987B1-5882-4395-A0CE-DA0876441A7A}.Debug|iPhone.Build.0 = Debug|Any CPU
		{798987B1-5882-4395-A0CE-DA0876441A7A}.Debug|iPhoneSimulator.ActiveCfg = Debug|Any CPU
		{798987B1-5882-4395-A0CE-DA0876441A7A}.Debug|iPhoneSimulator.Build.0 = Debug|Any CPU
		{798987B1-5882-4395-A0CE-DA0876441A7A}.Release|Any CPU.ActiveCfg = Release|Any CPU
		{798987B1-5882-4395-A0CE-DA0876441A7A}.Release|Any CPU.Build.0 = Release|Any CPU
		{798987B1-5882-4395-A0CE-DA0876441A7A}.Release|iPhone.ActiveCfg = Release|Any CPU
		{798987B1-5882-4395-A0CE-DA0876441A7A}.Release|iPhone.Build.0 = Release|Any CPU
		{798987B1-5882-4395-A0CE-DA0876441A7A}.Release|iPhoneSimulator.ActiveCfg = Release|Any CPU
		{798987B1-5882-4395-A0CE-DA0876441A7A}.Release|iPhoneSimulator.Build.0 = Release|Any CPU
		{82F0559A-57AD-4084-942B-50C4CCB347C6}.Ad-Hoc|Any CPU.ActiveCfg = Debug|Any CPU
		{82F0559A-57AD-4084-942B-50C4CCB347C6}.Ad-Hoc|Any CPU.Build.0 = Debug|Any CPU
		{82F0559A-57AD-4084-942B-50C4CCB347C6}.Ad-Hoc|iPhone.ActiveCfg = Debug|Any CPU
		{82F0559A-57AD-4084-942B-50C4CCB347C6}.Ad-Hoc|iPhone.Build.0 = Debug|Any CPU
		{82F0559A-57AD-4084-942B-50C4CCB347C6}.Ad-Hoc|iPhoneSimulator.ActiveCfg = Debug|Any CPU
		{82F0559A-57AD-4084-942B-50C4CCB347C6}.Ad-Hoc|iPhoneSimulator.Build.0 = Debug|Any CPU
		{82F0559A-57AD-4084-942B-50C4CCB347C6}.AppStore|Any CPU.ActiveCfg = Debug|Any CPU
		{82F0559A-57AD-4084-942B-50C4CCB347C6}.AppStore|Any CPU.Build.0 = Debug|Any CPU
		{82F0559A-57AD-4084-942B-50C4CCB347C6}.AppStore|iPhone.ActiveCfg = Debug|Any CPU
		{82F0559A-57AD-4084-942B-50C4CCB347C6}.AppStore|iPhone.Build.0 = Debug|Any CPU
		{82F0559A-57AD-4084-942B-50C4CCB347C6}.AppStore|iPhoneSimulator.ActiveCfg = Debug|Any CPU
		{82F0559A-57AD-4084-942B-50C4CCB347C6}.AppStore|iPhoneSimulator.Build.0 = Debug|Any CPU
		{82F0559A-57AD-4084-942B-50C4CCB347C6}.Debug|Any CPU.ActiveCfg = Debug|Any CPU
		{82F0559A-57AD-4084-942B-50C4CCB347C6}.Debug|Any CPU.Build.0 = Debug|Any CPU
		{82F0559A-57AD-4084-942B-50C4CCB347C6}.Debug|iPhone.ActiveCfg = Debug|Any CPU
		{82F0559A-57AD-4084-942B-50C4CCB347C6}.Debug|iPhone.Build.0 = Debug|Any CPU
		{82F0559A-57AD-4084-942B-50C4CCB347C6}.Debug|iPhoneSimulator.ActiveCfg = Debug|Any CPU
		{82F0559A-57AD-4084-942B-50C4CCB347C6}.Debug|iPhoneSimulator.Build.0 = Debug|Any CPU
		{82F0559A-57AD-4084-942B-50C4CCB347C6}.Release|Any CPU.ActiveCfg = Release|Any CPU
		{82F0559A-57AD-4084-942B-50C4CCB347C6}.Release|Any CPU.Build.0 = Release|Any CPU
		{82F0559A-57AD-4084-942B-50C4CCB347C6}.Release|iPhone.ActiveCfg = Release|Any CPU
		{82F0559A-57AD-4084-942B-50C4CCB347C6}.Release|iPhone.Build.0 = Release|Any CPU
		{82F0559A-57AD-4084-942B-50C4CCB347C6}.Release|iPhoneSimulator.ActiveCfg = Release|Any CPU
		{82F0559A-57AD-4084-942B-50C4CCB347C6}.Release|iPhoneSimulator.Build.0 = Release|Any CPU
		{77C511DD-4FAB-4834-AC30-37FD65078916}.Ad-Hoc|Any CPU.ActiveCfg = Debug|Any CPU
		{77C511DD-4FAB-4834-AC30-37FD65078916}.Ad-Hoc|Any CPU.Build.0 = Debug|Any CPU
		{77C511DD-4FAB-4834-AC30-37FD65078916}.Ad-Hoc|iPhone.ActiveCfg = Debug|Any CPU
		{77C511DD-4FAB-4834-AC30-37FD65078916}.Ad-Hoc|iPhone.Build.0 = Debug|Any CPU
		{77C511DD-4FAB-4834-AC30-37FD65078916}.Ad-Hoc|iPhoneSimulator.ActiveCfg = Debug|Any CPU
		{77C511DD-4FAB-4834-AC30-37FD65078916}.Ad-Hoc|iPhoneSimulator.Build.0 = Debug|Any CPU
		{77C511DD-4FAB-4834-AC30-37FD65078916}.AppStore|Any CPU.ActiveCfg = Debug|Any CPU
		{77C511DD-4FAB-4834-AC30-37FD65078916}.AppStore|Any CPU.Build.0 = Debug|Any CPU
		{77C511DD-4FAB-4834-AC30-37FD65078916}.AppStore|iPhone.ActiveCfg = Debug|Any CPU
		{77C511DD-4FAB-4834-AC30-37FD65078916}.AppStore|iPhone.Build.0 = Debug|Any CPU
		{77C511DD-4FAB-4834-AC30-37FD65078916}.AppStore|iPhoneSimulator.ActiveCfg = Debug|Any CPU
		{77C511DD-4FAB-4834-AC30-37FD65078916}.AppStore|iPhoneSimulator.Build.0 = Debug|Any CPU
		{77C511DD-4FAB-4834-AC30-37FD65078916}.Debug|Any CPU.ActiveCfg = Debug|Any CPU
		{77C511DD-4FAB-4834-AC30-37FD65078916}.Debug|Any CPU.Build.0 = Debug|Any CPU
		{77C511DD-4FAB-4834-AC30-37FD65078916}.Debug|iPhone.ActiveCfg = Debug|Any CPU
		{77C511DD-4FAB-4834-AC30-37FD65078916}.Debug|iPhone.Build.0 = Debug|Any CPU
		{77C511DD-4FAB-4834-AC30-37FD65078916}.Debug|iPhoneSimulator.ActiveCfg = Debug|Any CPU
		{77C511DD-4FAB-4834-AC30-37FD65078916}.Debug|iPhoneSimulator.Build.0 = Debug|Any CPU
		{77C511DD-4FAB-4834-AC30-37FD65078916}.Release|Any CPU.ActiveCfg = Release|Any CPU
		{77C511DD-4FAB-4834-AC30-37FD65078916}.Release|Any CPU.Build.0 = Release|Any CPU
		{77C511DD-4FAB-4834-AC30-37FD65078916}.Release|iPhone.ActiveCfg = Release|Any CPU
		{77C511DD-4FAB-4834-AC30-37FD65078916}.Release|iPhone.Build.0 = Release|Any CPU
		{77C511DD-4FAB-4834-AC30-37FD65078916}.Release|iPhoneSimulator.ActiveCfg = Release|Any CPU
		{77C511DD-4FAB-4834-AC30-37FD65078916}.Release|iPhoneSimulator.Build.0 = Release|Any CPU
		{81383F18-FCC1-4166-B801-6E923F6327D0}.Ad-Hoc|Any CPU.ActiveCfg = Debug|Any CPU
		{81383F18-FCC1-4166-B801-6E923F6327D0}.Ad-Hoc|Any CPU.Build.0 = Debug|Any CPU
		{81383F18-FCC1-4166-B801-6E923F6327D0}.Ad-Hoc|iPhone.ActiveCfg = Debug|Any CPU
		{81383F18-FCC1-4166-B801-6E923F6327D0}.Ad-Hoc|iPhone.Build.0 = Debug|Any CPU
		{81383F18-FCC1-4166-B801-6E923F6327D0}.Ad-Hoc|iPhoneSimulator.ActiveCfg = Debug|Any CPU
		{81383F18-FCC1-4166-B801-6E923F6327D0}.Ad-Hoc|iPhoneSimulator.Build.0 = Debug|Any CPU
		{81383F18-FCC1-4166-B801-6E923F6327D0}.AppStore|Any CPU.ActiveCfg = Debug|Any CPU
		{81383F18-FCC1-4166-B801-6E923F6327D0}.AppStore|Any CPU.Build.0 = Debug|Any CPU
		{81383F18-FCC1-4166-B801-6E923F6327D0}.AppStore|iPhone.ActiveCfg = Debug|Any CPU
		{81383F18-FCC1-4166-B801-6E923F6327D0}.AppStore|iPhone.Build.0 = Debug|Any CPU
		{81383F18-FCC1-4166-B801-6E923F6327D0}.AppStore|iPhoneSimulator.ActiveCfg = Debug|Any CPU
		{81383F18-FCC1-4166-B801-6E923F6327D0}.AppStore|iPhoneSimulator.Build.0 = Debug|Any CPU
		{81383F18-FCC1-4166-B801-6E923F6327D0}.Debug|Any CPU.ActiveCfg = Debug|Any CPU
		{81383F18-FCC1-4166-B801-6E923F6327D0}.Debug|Any CPU.Build.0 = Debug|Any CPU
		{81383F18-FCC1-4166-B801-6E923F6327D0}.Debug|iPhone.ActiveCfg = Debug|Any CPU
		{81383F18-FCC1-4166-B801-6E923F6327D0}.Debug|iPhone.Build.0 = Debug|Any CPU
		{81383F18-FCC1-4166-B801-6E923F6327D0}.Debug|iPhoneSimulator.ActiveCfg = Debug|Any CPU
		{81383F18-FCC1-4166-B801-6E923F6327D0}.Debug|iPhoneSimulator.Build.0 = Debug|Any CPU
		{81383F18-FCC1-4166-B801-6E923F6327D0}.Release|Any CPU.ActiveCfg = Release|Any CPU
		{81383F18-FCC1-4166-B801-6E923F6327D0}.Release|Any CPU.Build.0 = Release|Any CPU
		{81383F18-FCC1-4166-B801-6E923F6327D0}.Release|iPhone.ActiveCfg = Release|Any CPU
		{81383F18-FCC1-4166-B801-6E923F6327D0}.Release|iPhone.Build.0 = Release|Any CPU
		{81383F18-FCC1-4166-B801-6E923F6327D0}.Release|iPhoneSimulator.ActiveCfg = Release|Any CPU
		{81383F18-FCC1-4166-B801-6E923F6327D0}.Release|iPhoneSimulator.Build.0 = Release|Any CPU
		{00AA4BE4-780B-4819-BB7F-CF201B798781}.Ad-Hoc|Any CPU.ActiveCfg = Debug|Any CPU
		{00AA4BE4-780B-4819-BB7F-CF201B798781}.Ad-Hoc|Any CPU.Build.0 = Debug|Any CPU
		{00AA4BE4-780B-4819-BB7F-CF201B798781}.Ad-Hoc|iPhone.ActiveCfg = Debug|Any CPU
		{00AA4BE4-780B-4819-BB7F-CF201B798781}.Ad-Hoc|iPhone.Build.0 = Debug|Any CPU
		{00AA4BE4-780B-4819-BB7F-CF201B798781}.Ad-Hoc|iPhoneSimulator.ActiveCfg = Debug|Any CPU
		{00AA4BE4-780B-4819-BB7F-CF201B798781}.Ad-Hoc|iPhoneSimulator.Build.0 = Debug|Any CPU
		{00AA4BE4-780B-4819-BB7F-CF201B798781}.AppStore|Any CPU.ActiveCfg = Debug|Any CPU
		{00AA4BE4-780B-4819-BB7F-CF201B798781}.AppStore|Any CPU.Build.0 = Debug|Any CPU
		{00AA4BE4-780B-4819-BB7F-CF201B798781}.AppStore|iPhone.ActiveCfg = Debug|Any CPU
		{00AA4BE4-780B-4819-BB7F-CF201B798781}.AppStore|iPhone.Build.0 = Debug|Any CPU
		{00AA4BE4-780B-4819-BB7F-CF201B798781}.AppStore|iPhoneSimulator.ActiveCfg = Debug|Any CPU
		{00AA4BE4-780B-4819-BB7F-CF201B798781}.AppStore|iPhoneSimulator.Build.0 = Debug|Any CPU
		{00AA4BE4-780B-4819-BB7F-CF201B798781}.Debug|Any CPU.ActiveCfg = Debug|Any CPU
		{00AA4BE4-780B-4819-BB7F-CF201B798781}.Debug|Any CPU.Build.0 = Debug|Any CPU
		{00AA4BE4-780B-4819-BB7F-CF201B798781}.Debug|iPhone.ActiveCfg = Debug|Any CPU
		{00AA4BE4-780B-4819-BB7F-CF201B798781}.Debug|iPhone.Build.0 = Debug|Any CPU
		{00AA4BE4-780B-4819-BB7F-CF201B798781}.Debug|iPhoneSimulator.ActiveCfg = Debug|Any CPU
		{00AA4BE4-780B-4819-BB7F-CF201B798781}.Debug|iPhoneSimulator.Build.0 = Debug|Any CPU
		{00AA4BE4-780B-4819-BB7F-CF201B798781}.Release|Any CPU.ActiveCfg = Release|Any CPU
		{00AA4BE4-780B-4819-BB7F-CF201B798781}.Release|Any CPU.Build.0 = Release|Any CPU
		{00AA4BE4-780B-4819-BB7F-CF201B798781}.Release|iPhone.ActiveCfg = Release|Any CPU
		{00AA4BE4-780B-4819-BB7F-CF201B798781}.Release|iPhone.Build.0 = Release|Any CPU
		{00AA4BE4-780B-4819-BB7F-CF201B798781}.Release|iPhoneSimulator.ActiveCfg = Release|Any CPU
		{00AA4BE4-780B-4819-BB7F-CF201B798781}.Release|iPhoneSimulator.Build.0 = Release|Any CPU
		{0D8EA7F8-9A82-4814-8F91-E87FD8E701FA}.Ad-Hoc|Any CPU.ActiveCfg = Debug|Any CPU
		{0D8EA7F8-9A82-4814-8F91-E87FD8E701FA}.Ad-Hoc|Any CPU.Build.0 = Debug|Any CPU
		{0D8EA7F8-9A82-4814-8F91-E87FD8E701FA}.Ad-Hoc|iPhone.ActiveCfg = Debug|Any CPU
		{0D8EA7F8-9A82-4814-8F91-E87FD8E701FA}.Ad-Hoc|iPhone.Build.0 = Debug|Any CPU
		{0D8EA7F8-9A82-4814-8F91-E87FD8E701FA}.Ad-Hoc|iPhoneSimulator.ActiveCfg = Debug|Any CPU
		{0D8EA7F8-9A82-4814-8F91-E87FD8E701FA}.Ad-Hoc|iPhoneSimulator.Build.0 = Debug|Any CPU
		{0D8EA7F8-9A82-4814-8F91-E87FD8E701FA}.AppStore|Any CPU.ActiveCfg = Debug|Any CPU
		{0D8EA7F8-9A82-4814-8F91-E87FD8E701FA}.AppStore|Any CPU.Build.0 = Debug|Any CPU
		{0D8EA7F8-9A82-4814-8F91-E87FD8E701FA}.AppStore|iPhone.ActiveCfg = Debug|Any CPU
		{0D8EA7F8-9A82-4814-8F91-E87FD8E701FA}.AppStore|iPhone.Build.0 = Debug|Any CPU
		{0D8EA7F8-9A82-4814-8F91-E87FD8E701FA}.AppStore|iPhoneSimulator.ActiveCfg = Debug|Any CPU
		{0D8EA7F8-9A82-4814-8F91-E87FD8E701FA}.AppStore|iPhoneSimulator.Build.0 = Debug|Any CPU
		{0D8EA7F8-9A82-4814-8F91-E87FD8E701FA}.Debug|Any CPU.ActiveCfg = Debug|Any CPU
		{0D8EA7F8-9A82-4814-8F91-E87FD8E701FA}.Debug|Any CPU.Build.0 = Debug|Any CPU
		{0D8EA7F8-9A82-4814-8F91-E87FD8E701FA}.Debug|iPhone.ActiveCfg = Debug|Any CPU
		{0D8EA7F8-9A82-4814-8F91-E87FD8E701FA}.Debug|iPhone.Build.0 = Debug|Any CPU
		{0D8EA7F8-9A82-4814-8F91-E87FD8E701FA}.Debug|iPhoneSimulator.ActiveCfg = Debug|Any CPU
		{0D8EA7F8-9A82-4814-8F91-E87FD8E701FA}.Debug|iPhoneSimulator.Build.0 = Debug|Any CPU
		{0D8EA7F8-9A82-4814-8F91-E87FD8E701FA}.Release|Any CPU.ActiveCfg = Release|Any CPU
		{0D8EA7F8-9A82-4814-8F91-E87FD8E701FA}.Release|Any CPU.Build.0 = Release|Any CPU
		{0D8EA7F8-9A82-4814-8F91-E87FD8E701FA}.Release|iPhone.ActiveCfg = Release|Any CPU
		{0D8EA7F8-9A82-4814-8F91-E87FD8E701FA}.Release|iPhone.Build.0 = Release|Any CPU
		{0D8EA7F8-9A82-4814-8F91-E87FD8E701FA}.Release|iPhoneSimulator.ActiveCfg = Release|Any CPU
		{0D8EA7F8-9A82-4814-8F91-E87FD8E701FA}.Release|iPhoneSimulator.Build.0 = Release|Any CPU
		{357166F8-A623-4CE4-A438-41FDA7DD375B}.Ad-Hoc|Any CPU.ActiveCfg = Release|Any CPU
		{357166F8-A623-4CE4-A438-41FDA7DD375B}.Ad-Hoc|Any CPU.Build.0 = Release|Any CPU
		{357166F8-A623-4CE4-A438-41FDA7DD375B}.Ad-Hoc|iPhone.ActiveCfg = Release|Any CPU
		{357166F8-A623-4CE4-A438-41FDA7DD375B}.Ad-Hoc|iPhone.Build.0 = Release|Any CPU
		{357166F8-A623-4CE4-A438-41FDA7DD375B}.Ad-Hoc|iPhoneSimulator.ActiveCfg = Release|Any CPU
		{357166F8-A623-4CE4-A438-41FDA7DD375B}.Ad-Hoc|iPhoneSimulator.Build.0 = Release|Any CPU
		{357166F8-A623-4CE4-A438-41FDA7DD375B}.AppStore|Any CPU.ActiveCfg = Release|Any CPU
		{357166F8-A623-4CE4-A438-41FDA7DD375B}.AppStore|Any CPU.Build.0 = Release|Any CPU
		{357166F8-A623-4CE4-A438-41FDA7DD375B}.AppStore|iPhone.ActiveCfg = Release|Any CPU
		{357166F8-A623-4CE4-A438-41FDA7DD375B}.AppStore|iPhone.Build.0 = Release|Any CPU
		{357166F8-A623-4CE4-A438-41FDA7DD375B}.AppStore|iPhoneSimulator.ActiveCfg = Release|Any CPU
		{357166F8-A623-4CE4-A438-41FDA7DD375B}.AppStore|iPhoneSimulator.Build.0 = Release|Any CPU
		{357166F8-A623-4CE4-A438-41FDA7DD375B}.Debug|Any CPU.ActiveCfg = Debug|Any CPU
		{357166F8-A623-4CE4-A438-41FDA7DD375B}.Debug|Any CPU.Build.0 = Debug|Any CPU
		{357166F8-A623-4CE4-A438-41FDA7DD375B}.Debug|iPhone.ActiveCfg = Debug|Any CPU
		{357166F8-A623-4CE4-A438-41FDA7DD375B}.Debug|iPhone.Build.0 = Debug|Any CPU
		{357166F8-A623-4CE4-A438-41FDA7DD375B}.Debug|iPhoneSimulator.ActiveCfg = Debug|Any CPU
		{357166F8-A623-4CE4-A438-41FDA7DD375B}.Debug|iPhoneSimulator.Build.0 = Debug|Any CPU
		{357166F8-A623-4CE4-A438-41FDA7DD375B}.Release|Any CPU.ActiveCfg = Release|Any CPU
		{357166F8-A623-4CE4-A438-41FDA7DD375B}.Release|Any CPU.Build.0 = Release|Any CPU
		{357166F8-A623-4CE4-A438-41FDA7DD375B}.Release|iPhone.ActiveCfg = Release|Any CPU
		{357166F8-A623-4CE4-A438-41FDA7DD375B}.Release|iPhone.Build.0 = Release|Any CPU
		{357166F8-A623-4CE4-A438-41FDA7DD375B}.Release|iPhoneSimulator.ActiveCfg = Release|Any CPU
		{357166F8-A623-4CE4-A438-41FDA7DD375B}.Release|iPhoneSimulator.Build.0 = Release|Any CPU
		{0B8E568D-ABB7-4517-AE7C-0E008E30C6A6}.Ad-Hoc|Any CPU.ActiveCfg = Debug|Any CPU
		{0B8E568D-ABB7-4517-AE7C-0E008E30C6A6}.Ad-Hoc|Any CPU.Build.0 = Debug|Any CPU
		{0B8E568D-ABB7-4517-AE7C-0E008E30C6A6}.Ad-Hoc|iPhone.ActiveCfg = Debug|Any CPU
		{0B8E568D-ABB7-4517-AE7C-0E008E30C6A6}.Ad-Hoc|iPhone.Build.0 = Debug|Any CPU
		{0B8E568D-ABB7-4517-AE7C-0E008E30C6A6}.Ad-Hoc|iPhoneSimulator.ActiveCfg = Debug|Any CPU
		{0B8E568D-ABB7-4517-AE7C-0E008E30C6A6}.Ad-Hoc|iPhoneSimulator.Build.0 = Debug|Any CPU
		{0B8E568D-ABB7-4517-AE7C-0E008E30C6A6}.AppStore|Any CPU.ActiveCfg = Debug|Any CPU
		{0B8E568D-ABB7-4517-AE7C-0E008E30C6A6}.AppStore|Any CPU.Build.0 = Debug|Any CPU
		{0B8E568D-ABB7-4517-AE7C-0E008E30C6A6}.AppStore|iPhone.ActiveCfg = Debug|Any CPU
		{0B8E568D-ABB7-4517-AE7C-0E008E30C6A6}.AppStore|iPhone.Build.0 = Debug|Any CPU
		{0B8E568D-ABB7-4517-AE7C-0E008E30C6A6}.AppStore|iPhoneSimulator.ActiveCfg = Debug|Any CPU
		{0B8E568D-ABB7-4517-AE7C-0E008E30C6A6}.AppStore|iPhoneSimulator.Build.0 = Debug|Any CPU
		{0B8E568D-ABB7-4517-AE7C-0E008E30C6A6}.Debug|Any CPU.ActiveCfg = Debug|Any CPU
		{0B8E568D-ABB7-4517-AE7C-0E008E30C6A6}.Debug|Any CPU.Build.0 = Debug|Any CPU
		{0B8E568D-ABB7-4517-AE7C-0E008E30C6A6}.Debug|iPhone.ActiveCfg = Debug|Any CPU
		{0B8E568D-ABB7-4517-AE7C-0E008E30C6A6}.Debug|iPhone.Build.0 = Debug|Any CPU
		{0B8E568D-ABB7-4517-AE7C-0E008E30C6A6}.Debug|iPhoneSimulator.ActiveCfg = Debug|Any CPU
		{0B8E568D-ABB7-4517-AE7C-0E008E30C6A6}.Debug|iPhoneSimulator.Build.0 = Debug|Any CPU
		{0B8E568D-ABB7-4517-AE7C-0E008E30C6A6}.Release|Any CPU.ActiveCfg = Release|Any CPU
		{0B8E568D-ABB7-4517-AE7C-0E008E30C6A6}.Release|Any CPU.Build.0 = Release|Any CPU
		{0B8E568D-ABB7-4517-AE7C-0E008E30C6A6}.Release|iPhone.ActiveCfg = Release|Any CPU
		{0B8E568D-ABB7-4517-AE7C-0E008E30C6A6}.Release|iPhone.Build.0 = Release|Any CPU
		{0B8E568D-ABB7-4517-AE7C-0E008E30C6A6}.Release|iPhoneSimulator.ActiveCfg = Release|Any CPU
		{0B8E568D-ABB7-4517-AE7C-0E008E30C6A6}.Release|iPhoneSimulator.Build.0 = Release|Any CPU
		{C75BACF6-CDA6-48EC-B8C4-AB071A3DEAFF}.Ad-Hoc|Any CPU.ActiveCfg = Debug|Any CPU
		{C75BACF6-CDA6-48EC-B8C4-AB071A3DEAFF}.Ad-Hoc|Any CPU.Build.0 = Debug|Any CPU
		{C75BACF6-CDA6-48EC-B8C4-AB071A3DEAFF}.Ad-Hoc|iPhone.ActiveCfg = Debug|Any CPU
		{C75BACF6-CDA6-48EC-B8C4-AB071A3DEAFF}.Ad-Hoc|iPhone.Build.0 = Debug|Any CPU
		{C75BACF6-CDA6-48EC-B8C4-AB071A3DEAFF}.Ad-Hoc|iPhoneSimulator.ActiveCfg = Debug|Any CPU
		{C75BACF6-CDA6-48EC-B8C4-AB071A3DEAFF}.Ad-Hoc|iPhoneSimulator.Build.0 = Debug|Any CPU
		{C75BACF6-CDA6-48EC-B8C4-AB071A3DEAFF}.AppStore|Any CPU.ActiveCfg = Debug|Any CPU
		{C75BACF6-CDA6-48EC-B8C4-AB071A3DEAFF}.AppStore|Any CPU.Build.0 = Debug|Any CPU
		{C75BACF6-CDA6-48EC-B8C4-AB071A3DEAFF}.AppStore|iPhone.ActiveCfg = Debug|Any CPU
		{C75BACF6-CDA6-48EC-B8C4-AB071A3DEAFF}.AppStore|iPhone.Build.0 = Debug|Any CPU
		{C75BACF6-CDA6-48EC-B8C4-AB071A3DEAFF}.AppStore|iPhoneSimulator.ActiveCfg = Debug|Any CPU
		{C75BACF6-CDA6-48EC-B8C4-AB071A3DEAFF}.AppStore|iPhoneSimulator.Build.0 = Debug|Any CPU
		{C75BACF6-CDA6-48EC-B8C4-AB071A3DEAFF}.Debug|Any CPU.ActiveCfg = Debug|Any CPU
		{C75BACF6-CDA6-48EC-B8C4-AB071A3DEAFF}.Debug|Any CPU.Build.0 = Debug|Any CPU
		{C75BACF6-CDA6-48EC-B8C4-AB071A3DEAFF}.Debug|iPhone.ActiveCfg = Debug|Any CPU
		{C75BACF6-CDA6-48EC-B8C4-AB071A3DEAFF}.Debug|iPhone.Build.0 = Debug|Any CPU
		{C75BACF6-CDA6-48EC-B8C4-AB071A3DEAFF}.Debug|iPhoneSimulator.ActiveCfg = Debug|Any CPU
		{C75BACF6-CDA6-48EC-B8C4-AB071A3DEAFF}.Debug|iPhoneSimulator.Build.0 = Debug|Any CPU
		{C75BACF6-CDA6-48EC-B8C4-AB071A3DEAFF}.Release|Any CPU.ActiveCfg = Release|Any CPU
		{C75BACF6-CDA6-48EC-B8C4-AB071A3DEAFF}.Release|Any CPU.Build.0 = Release|Any CPU
		{C75BACF6-CDA6-48EC-B8C4-AB071A3DEAFF}.Release|iPhone.ActiveCfg = Release|Any CPU
		{C75BACF6-CDA6-48EC-B8C4-AB071A3DEAFF}.Release|iPhone.Build.0 = Release|Any CPU
		{C75BACF6-CDA6-48EC-B8C4-AB071A3DEAFF}.Release|iPhoneSimulator.ActiveCfg = Release|Any CPU
		{C75BACF6-CDA6-48EC-B8C4-AB071A3DEAFF}.Release|iPhoneSimulator.Build.0 = Release|Any CPU
		{93A1E9FE-5874-4E1A-9577-B7A6F5E31B6D}.Ad-Hoc|Any CPU.ActiveCfg = Debug|Any CPU
		{93A1E9FE-5874-4E1A-9577-B7A6F5E31B6D}.Ad-Hoc|Any CPU.Build.0 = Debug|Any CPU
		{93A1E9FE-5874-4E1A-9577-B7A6F5E31B6D}.Ad-Hoc|iPhone.ActiveCfg = Debug|Any CPU
		{93A1E9FE-5874-4E1A-9577-B7A6F5E31B6D}.Ad-Hoc|iPhone.Build.0 = Debug|Any CPU
		{93A1E9FE-5874-4E1A-9577-B7A6F5E31B6D}.Ad-Hoc|iPhoneSimulator.ActiveCfg = Debug|Any CPU
		{93A1E9FE-5874-4E1A-9577-B7A6F5E31B6D}.Ad-Hoc|iPhoneSimulator.Build.0 = Debug|Any CPU
		{93A1E9FE-5874-4E1A-9577-B7A6F5E31B6D}.AppStore|Any CPU.ActiveCfg = Debug|Any CPU
		{93A1E9FE-5874-4E1A-9577-B7A6F5E31B6D}.AppStore|Any CPU.Build.0 = Debug|Any CPU
		{93A1E9FE-5874-4E1A-9577-B7A6F5E31B6D}.AppStore|iPhone.ActiveCfg = Debug|Any CPU
		{93A1E9FE-5874-4E1A-9577-B7A6F5E31B6D}.AppStore|iPhone.Build.0 = Debug|Any CPU
		{93A1E9FE-5874-4E1A-9577-B7A6F5E31B6D}.AppStore|iPhoneSimulator.ActiveCfg = Debug|Any CPU
		{93A1E9FE-5874-4E1A-9577-B7A6F5E31B6D}.AppStore|iPhoneSimulator.Build.0 = Debug|Any CPU
		{93A1E9FE-5874-4E1A-9577-B7A6F5E31B6D}.Debug|Any CPU.ActiveCfg = Debug|Any CPU
		{93A1E9FE-5874-4E1A-9577-B7A6F5E31B6D}.Debug|Any CPU.Build.0 = Debug|Any CPU
		{93A1E9FE-5874-4E1A-9577-B7A6F5E31B6D}.Debug|iPhone.ActiveCfg = Debug|Any CPU
		{93A1E9FE-5874-4E1A-9577-B7A6F5E31B6D}.Debug|iPhone.Build.0 = Debug|Any CPU
		{93A1E9FE-5874-4E1A-9577-B7A6F5E31B6D}.Debug|iPhoneSimulator.ActiveCfg = Debug|Any CPU
		{93A1E9FE-5874-4E1A-9577-B7A6F5E31B6D}.Debug|iPhoneSimulator.Build.0 = Debug|Any CPU
		{93A1E9FE-5874-4E1A-9577-B7A6F5E31B6D}.Release|Any CPU.ActiveCfg = Release|Any CPU
		{93A1E9FE-5874-4E1A-9577-B7A6F5E31B6D}.Release|Any CPU.Build.0 = Release|Any CPU
		{93A1E9FE-5874-4E1A-9577-B7A6F5E31B6D}.Release|iPhone.ActiveCfg = Release|Any CPU
		{93A1E9FE-5874-4E1A-9577-B7A6F5E31B6D}.Release|iPhone.Build.0 = Release|Any CPU
		{93A1E9FE-5874-4E1A-9577-B7A6F5E31B6D}.Release|iPhoneSimulator.ActiveCfg = Release|Any CPU
		{93A1E9FE-5874-4E1A-9577-B7A6F5E31B6D}.Release|iPhoneSimulator.Build.0 = Release|Any CPU
		{C8397661-B63D-4635-B63A-F5A461BCBC0F}.Ad-Hoc|Any CPU.ActiveCfg = Debug|Any CPU
		{C8397661-B63D-4635-B63A-F5A461BCBC0F}.Ad-Hoc|Any CPU.Build.0 = Debug|Any CPU
		{C8397661-B63D-4635-B63A-F5A461BCBC0F}.Ad-Hoc|iPhone.ActiveCfg = Debug|Any CPU
		{C8397661-B63D-4635-B63A-F5A461BCBC0F}.Ad-Hoc|iPhone.Build.0 = Debug|Any CPU
		{C8397661-B63D-4635-B63A-F5A461BCBC0F}.Ad-Hoc|iPhoneSimulator.ActiveCfg = Debug|Any CPU
		{C8397661-B63D-4635-B63A-F5A461BCBC0F}.Ad-Hoc|iPhoneSimulator.Build.0 = Debug|Any CPU
		{C8397661-B63D-4635-B63A-F5A461BCBC0F}.AppStore|Any CPU.ActiveCfg = Debug|Any CPU
		{C8397661-B63D-4635-B63A-F5A461BCBC0F}.AppStore|Any CPU.Build.0 = Debug|Any CPU
		{C8397661-B63D-4635-B63A-F5A461BCBC0F}.AppStore|iPhone.ActiveCfg = Debug|Any CPU
		{C8397661-B63D-4635-B63A-F5A461BCBC0F}.AppStore|iPhone.Build.0 = Debug|Any CPU
		{C8397661-B63D-4635-B63A-F5A461BCBC0F}.AppStore|iPhoneSimulator.ActiveCfg = Debug|Any CPU
		{C8397661-B63D-4635-B63A-F5A461BCBC0F}.AppStore|iPhoneSimulator.Build.0 = Debug|Any CPU
		{C8397661-B63D-4635-B63A-F5A461BCBC0F}.Debug|Any CPU.ActiveCfg = Debug|Any CPU
		{C8397661-B63D-4635-B63A-F5A461BCBC0F}.Debug|Any CPU.Build.0 = Debug|Any CPU
		{C8397661-B63D-4635-B63A-F5A461BCBC0F}.Debug|iPhone.ActiveCfg = Debug|Any CPU
		{C8397661-B63D-4635-B63A-F5A461BCBC0F}.Debug|iPhone.Build.0 = Debug|Any CPU
		{C8397661-B63D-4635-B63A-F5A461BCBC0F}.Debug|iPhoneSimulator.ActiveCfg = Debug|Any CPU
		{C8397661-B63D-4635-B63A-F5A461BCBC0F}.Debug|iPhoneSimulator.Build.0 = Debug|Any CPU
		{C8397661-B63D-4635-B63A-F5A461BCBC0F}.Release|Any CPU.ActiveCfg = Release|Any CPU
		{C8397661-B63D-4635-B63A-F5A461BCBC0F}.Release|Any CPU.Build.0 = Release|Any CPU
		{C8397661-B63D-4635-B63A-F5A461BCBC0F}.Release|iPhone.ActiveCfg = Release|Any CPU
		{C8397661-B63D-4635-B63A-F5A461BCBC0F}.Release|iPhone.Build.0 = Release|Any CPU
		{C8397661-B63D-4635-B63A-F5A461BCBC0F}.Release|iPhoneSimulator.ActiveCfg = Release|Any CPU
		{C8397661-B63D-4635-B63A-F5A461BCBC0F}.Release|iPhoneSimulator.Build.0 = Release|Any CPU
		{91517F8E-9684-49E7-9695-DA1130DB05C8}.Ad-Hoc|Any CPU.ActiveCfg = Debug|Any CPU
		{91517F8E-9684-49E7-9695-DA1130DB05C8}.Ad-Hoc|Any CPU.Build.0 = Debug|Any CPU
		{91517F8E-9684-49E7-9695-DA1130DB05C8}.Ad-Hoc|iPhone.ActiveCfg = Debug|Any CPU
		{91517F8E-9684-49E7-9695-DA1130DB05C8}.Ad-Hoc|iPhone.Build.0 = Debug|Any CPU
		{91517F8E-9684-49E7-9695-DA1130DB05C8}.Ad-Hoc|iPhoneSimulator.ActiveCfg = Debug|Any CPU
		{91517F8E-9684-49E7-9695-DA1130DB05C8}.Ad-Hoc|iPhoneSimulator.Build.0 = Debug|Any CPU
		{91517F8E-9684-49E7-9695-DA1130DB05C8}.AppStore|Any CPU.ActiveCfg = Debug|Any CPU
		{91517F8E-9684-49E7-9695-DA1130DB05C8}.AppStore|Any CPU.Build.0 = Debug|Any CPU
		{91517F8E-9684-49E7-9695-DA1130DB05C8}.AppStore|iPhone.ActiveCfg = Debug|Any CPU
		{91517F8E-9684-49E7-9695-DA1130DB05C8}.AppStore|iPhone.Build.0 = Debug|Any CPU
		{91517F8E-9684-49E7-9695-DA1130DB05C8}.AppStore|iPhoneSimulator.ActiveCfg = Debug|Any CPU
		{91517F8E-9684-49E7-9695-DA1130DB05C8}.AppStore|iPhoneSimulator.Build.0 = Debug|Any CPU
		{91517F8E-9684-49E7-9695-DA1130DB05C8}.Debug|Any CPU.ActiveCfg = Debug|Any CPU
		{91517F8E-9684-49E7-9695-DA1130DB05C8}.Debug|Any CPU.Build.0 = Debug|Any CPU
		{91517F8E-9684-49E7-9695-DA1130DB05C8}.Debug|iPhone.ActiveCfg = Debug|Any CPU
		{91517F8E-9684-49E7-9695-DA1130DB05C8}.Debug|iPhone.Build.0 = Debug|Any CPU
		{91517F8E-9684-49E7-9695-DA1130DB05C8}.Debug|iPhoneSimulator.ActiveCfg = Debug|Any CPU
		{91517F8E-9684-49E7-9695-DA1130DB05C8}.Debug|iPhoneSimulator.Build.0 = Debug|Any CPU
		{91517F8E-9684-49E7-9695-DA1130DB05C8}.Release|Any CPU.ActiveCfg = Release|Any CPU
		{91517F8E-9684-49E7-9695-DA1130DB05C8}.Release|Any CPU.Build.0 = Release|Any CPU
		{91517F8E-9684-49E7-9695-DA1130DB05C8}.Release|iPhone.ActiveCfg = Release|Any CPU
		{91517F8E-9684-49E7-9695-DA1130DB05C8}.Release|iPhone.Build.0 = Release|Any CPU
		{91517F8E-9684-49E7-9695-DA1130DB05C8}.Release|iPhoneSimulator.ActiveCfg = Release|Any CPU
		{91517F8E-9684-49E7-9695-DA1130DB05C8}.Release|iPhoneSimulator.Build.0 = Release|Any CPU
	EndGlobalSection
	GlobalSection(SolutionProperties) = preSolution
		HideSolutionNode = FALSE
	EndGlobalSection
	GlobalSection(NestedProjects) = preSolution
		{77C511DD-4FAB-4834-AC30-37FD65078916} = {60E92432-5768-4588-BB60-3C2CC24FC25B}
		{81383F18-FCC1-4166-B801-6E923F6327D0} = {60E92432-5768-4588-BB60-3C2CC24FC25B}
		{00AA4BE4-780B-4819-BB7F-CF201B798781} = {60E92432-5768-4588-BB60-3C2CC24FC25B}
		{0D8EA7F8-9A82-4814-8F91-E87FD8E701FA} = {23679EB8-38A9-4AB1-AEB4-755C25C3C7C5}
		{357166F8-A623-4CE4-A438-41FDA7DD375B} = {AE2A2055-1096-4092-8461-EB2F1C8BEB2F}
		{0B8E568D-ABB7-4517-AE7C-0E008E30C6A6} = {9EA5B7CA-CD44-4D8D-A0DA-9DF2C4ABEF30}
		{C75BACF6-CDA6-48EC-B8C4-AB071A3DEAFF} = {10B0EA8B-B393-4280-9ADC-72083FC0475C}
		{93A1E9FE-5874-4E1A-9577-B7A6F5E31B6D} = {E0ACE3B5-B108-4E06-AAA7-4F25DD81A5CB}
		{C8397661-B63D-4635-B63A-F5A461BCBC0F} = {330B9ED8-5046-4636-9C28-0EF9A62AB0DC}
		{91517F8E-9684-49E7-9695-DA1130DB05C8} = {330B9ED8-5046-4636-9C28-0EF9A62AB0DC}
	EndGlobalSection
	GlobalSection(ExtensibilityGlobals) = postSolution
		SolutionGuid = {0C5D4D5A-17C8-4927-9EF1-69463D51C7C8}
	EndGlobalSection
EndGlobal
